{
  "name": "jarvos-bootstrap",
  "version": "0.1.0",
  "lockfileVersion": 3,
  "requires": true,
  "packages": {
    "": {
      "name": "jarvos-bootstrap",
      "version": "0.1.0",
      "license": "MIT",
      "bin": {
        "jarvos-bootstrap": "bootstrap.js",
        "jarvos-init": "bootstrap.js"
      },
      "devDependencies": {
        "clawpatch": "^0.2.0"
      },
      "engines": {
        "node": ">=18"
      }
    },
    "node_modules/clawpatch": {
      "version": "0.2.0",
      "resolved": "https://registry.npmjs.org/clawpatch/-/clawpatch-0.2.0.tgz",
      "integrity": "sha512-+WxItf6VGQ4Y6AY/Y+r8RWt8Mq574MtlNrfIrRXRzQN4uIqNJlOB4+jlJexZeWnUT2EEwQACiGy/Tso/xOQBBA==",
      "dev": true,
      "license": "MIT",
      "dependencies": {
        "zod": "^4.4.3"
      },
      "bin": {
        "clawpatch": "dist/cli.js"
      },
      "engines": {
        "node": ">=22"
      }
    },
    "node_modules/zod": {
      "version": "4.4.3",
      "resolved": "https://registry.npmjs.org/zod/-/zod-4.4.3.tgz",
      "integrity": "sha512-ytENFjIJFl2UwYglde2jchW2Hwm4GJFLDiSXWdTrJQBIN9Fcyp7n4DhxJEiWNAJMV1/BqWfW/kkg71UDcHJyTQ==",
      "dev": true,
      "license": "MIT",
      "funding": {
        "url": "https://github.com/sponsors/colinhacks"
      }
    }
  }
}
